
Microsoft Visual Studio Solution File, Format Version 12.00
# Visual Studio Version 17
VisualStudioVersion = 17.5.33516.290
MinimumVisualStudioVersion = 10.0.40219.1
Project("{FAE04EC0-301F-11D3-BF4B-00C04F79EFBC}") = "Employee_Timesheet", "Employee_Timesheet\Employee_Timesheet.csproj", "{1A7FF64A-1150-433A-893E-F2BCD4054C9E}"
EndProject
Global
	GlobalSection(SolutionConfigurationPlatforms) = preSolution
		Debug|Any CPU = Debug|Any CPU
		Release|Any CPU = Release|Any CPU
	EndGlobalSection
	GlobalSection(ProjectConfigurationPlatforms) = postSolution
		{1A7FF64A-1150-433A-893E-F2BCD4054C9E}.Debug|Any CPU.ActiveCfg = Debug|Any CPU
		{1A7FF64A-1150-433A-893E-F2BCD4054C9E}.Debug|Any CPU.Build.0 = Debug|Any CPU
		{1A7FF64A-1150-433A-893E-F2BCD4054C9E}.Release|Any CPU.ActiveCfg = Release|Any CPU
		{1A7FF64A-1150-433A-893E-F2BCD4054C9E}.Release|Any CPU.Build.0 = Release|Any CPU
	EndGlobalSection
	GlobalSection(SolutionProperties) = preSolution
		HideSolutionNode = FALSE
	EndGlobalSection
	GlobalSection(ExtensibilityGlobals) = postSolution
		SolutionGuid = {019F5363-B5CF-4D34-9A92-EE8805400208}
	EndGlobalSection
EndGlobal
